# Generated by pub
packages:
  tar:
    dependency: "direct main"
    description:
      name: tar
      sha256: "9fd37616eb26a5d6cc2cde7f0c9bfac12b9d4bbe4ec3aa69ca4c1db56a2a7aab"
      url: "https://pub.dev"
    source: hosted
    version: "1.0.0"
  image:
    dependency: "direct main"
    description:
      name: image
      sha256: "4c68bfd5ae83e700b5204c1c3a22f5cf4f5d5ef2b2a4d1600d7a76e5be6a6c40"
      url: "https://pub.dev"
    source: hosted
    version: "4.0.16"
  shelf:
    dependency: "direct main"
    description:
      name: shelf
      sha256: "3bc5a46b5a5f4ccccbf68f9e3d8eac5d6fcecfe3d2e2a6bf46bf2bc7d6e88d10"
      url: "https://pub.dev"
    source: hosted
    version: "1.4.1"
  http:
    dependency: "direct main"
    description:
      name: http
      sha256: "6cdf4c46f5d4e0a4da94e7b25d3c36c6ac1bcd9f8da3adaaa0f8fe7c3aa92b10"
      url: "https://pub.dev"
    source: hosted
    version: "0.13.5"
  dio:
    dependency: "direct main"
    description:
      name: dio
      sha256: "c6d3f5c41ad46bcc36c2e74e7ffbc08a0d0e6d3e2f8b7a9d4f3a1b2c5e8f0a1c"
      url: "https://pub.dev"
    source: hosted
    version: "4.0.6"
  provider:
    dependency: "direct main"
    description:
      name: provider
      sha256: "a1b2c3d4e5f6a7b8c9d0e1f2a3b4c5d6e7f8a9b0c1d2e3f4a5b6c7d8e9f0a1b"
      url: "https://pub.dev"
    source: hosted
    version: "6.0.5"
sdks:
  dart: ">=2.17.0 <3.0.0"
  flutter: ">=3.0.0"
