%{
  "castore": {:hex, :castore, "0.1.22", "4f1f9b2c547e1fd09cae1c3e63acfaf31cbabd1f59cbfeee7ede04dd7dd6eb86", [:mix], [], "hexpm", "e04797b7e8b8e1d5ac65b74defdce9a8efd0e4dca28b87a99a1e11aafc9f05f"},
  "certifi": {:hex, :certifi, "2.9.0", "6f2a475689de3090aa77692c51c8ae3de2e2b14b6aad7f6d6f52a001b1c1fe60", [:rebar3], [], "hexpm", "266da46bdb06d6c7d28cec564bea28c4dabb17a13a9a57040a1a6cb24f2f8f20"},
  "ex_aws": {:hex, :ex_aws, "2.1.0", "a09875e4684d66b27ab2b36cd1b9ba70a3d98bc2b4e7f24c18a04218bfaf2a6a", [:mix], [{:hackney, "~> 1.9", [hex: :hackney, repo: "hexpm", optional: true]}, {:jason, "~> 1.1", [hex: :jason, repo: "hexpm", optional: true]}, {:sweet_xml, "~> 0.7", [hex: :sweet_xml, repo: "hexpm", optional: true]}], "hexpm", "0ebf57a2b2f8dc77a0c51c5e7fe67200a9ed4a6ba98e7c0c5b1f2543cf9da9c1"},
  "hackney": {:hex, :hackney, "1.17.0", "e4e35a6bf3900c0e61e76f04f9a72cdc92be892bbfbc9ee15bbdc97b9f8b3c3a", [:rebar3], [{:certifi, "~>2.6.0 or ~>2.7.0 or ~>2.8.0 or ~>2.9.0", [hex: :certifi, repo: "hexpm", optional: false]}, {:idna, "~>6.1.0", [hex: :idna, repo: "hexpm", optional: false]}, {:metrics, "~>1.0.0", [hex: :metrics, repo: "hexpm", optional: false]}, {:mimerl, "~>1.1", [hex: :mimerl, repo: "hexpm", optional: false]}, {:parse_trans, "3.3.1", [hex: :parse_trans, repo: "hexpm", optional: false]}, {:ssl_verify_fun, "~>1.1.0", [hex: :ssl_verify_fun, repo: "hexpm", optional: false]}, {:unicode_util_compat, "~>0.7.0", [hex: :unicode_util_compat, repo: "hexpm", optional: false]}], "hexpm", "b9abe86a66f9e0001a3de44bc1bdfab2d7e99d0ed5f88fcbe42cc94ddd1bb1a5"},
  "idna": {:hex, :idna, "6.1.1", "8a63070e9f7d0c62eb9d9fcfe97f9f82bb50f7f9d87a06ecd0218d2edbece1e", [:rebar3], [{:unicode_util_compat, "~>0.7.0", [hex: :unicode_util_compat, repo: "hexpm", optional: false]}], "hexpm", "92376eb99ca79e54f97cc2696fc5b00b90dc13c8cd7efb9b7bea6ffe9cf49f35"},
  "jason": {:hex, :jason, "1.2.2", "ba43e3f2709fd1aa1dce90aaabfd039d000469c05c56f0b8e31978e03fa39052", [:mix], [{:decimal, "1.0 or ~> 2.0", [hex: :decimal, repo: "hexpm", optional: true]}], "hexpm", "18a228f5f0f996a888f4b5ec6f043e5c9e5748f97d9e04e6390e8f52e9eb1e7c"},
  "metrics": {:hex, :metrics, "1.0.1", "25f094dea2cda98213cecc3aeff09e940299d950904393b2a29d191c346a8486", [:rebar3], [], "hexpm", "69b09adddc4f74a40716ae54d140f93beb0fb8978d8636eaded0c31b6f099f16"},
  "mimerl": {:hex, :mimerl, "1.2.0", "67e2d3f571088d5cfd3e550c383094b47159f3eee8ffa08e64106cdf5e981be3", [:rebar3], [], "hexpm", "f278585650aa581986264638ebf698f8bb19df297f66ad91b18910dfc6e19323"},
  "parse_trans": {:hex, :parse_trans, "3.3.1", "16328ab840cc09919bd10dab29e431da3af9e9e7e7e6f0089dd5a2d2820011d8", [:rebar3], [], "hexpm", "07cd9577885f56362d414e8c4c4e6bdf10d43a8767abb92d24cbe8b24c54888b"},
  "phoenix": {:hex, :phoenix, "1.5.9", "eed7d68e69b1f74be35c9e2e24bd7a889ab1b68c18f85ef90bc8d62fb5c76e30", [:mix], [{:jason, "~> 1.0", [hex: :jason, repo: "hexpm", optional: true]}, {:phoenix_pubsub, "~> 2.0", [hex: :phoenix_pubsub, repo: "hexpm", optional: false]}, {:plug, "~> 1.10", [hex: :plug, repo: "hexpm", optional: false]}, {:plug_cowboy, "~> 1.0 or ~> 2.1", [hex: :plug_cowboy, repo: "hexpm", optional: true]}, {:telemetry, "~> 0.4 or ~> 1.0", [hex: :telemetry, repo: "hexpm", optional: false]}], "hexpm", "eed7d68e69b1f74be35c9e2e24bd7a889ab1b68c18f85ef90bc8d62fb5c76e30"},
  "phoenix_pubsub": {:hex, :phoenix_pubsub, "2.1.1", "ba04e489ef03763bf28a17eb2eaddc2c20c6d217e2150a61e3298b0f4c2012b5", [:mix], [], "hexpm", "81367c6d1eea5878ad726be80808eb5a787a23dee4a43f48f159e3f80cbce290"},
  "plug": {:hex, :plug, "1.10.0", "6ac7e4ddb7c5e95b2fc46fb8a19a0af41d2af70cabe2c66b8a55b5a76b3c8d73", [:mix], [{:mime, "~> 1.0", [hex: :mime, repo: "hexpm", optional: false]}, {:plug_crypto, "~> 1.1.1 or ~> 1.2", [hex: :plug_crypto, repo: "hexpm", optional: false]}, {:telemetry, "~> 0.4 or ~> 1.0", [hex: :telemetry, repo: "hexpm", optional: false]}], "hexpm", "6ac7e4ddb7c5e95b2fc46fb8a19a0af41d2af70cabe2c66b8a55b5a76b3c8d73"},
  "plug_cowboy": {:hex, :plug_cowboy, "2.3.0", "149a01b0f4b76d76a6dd9b02ef9b3c8ca62da53fea8f4fcda06ad3cd3cc5c4e", [:mix], [{:cowboy, "~> 2.7", [hex: :cowboy, repo: "hexpm", optional: false]}, {:cowboy_telemetry, "~> 0.3", [hex: :cowboy_telemetry, repo: "hexpm", optional: false]}, {:plug, "~> 1.7", [hex: :plug, repo: "hexpm", optional: false]}, {:telemetry, "~> 0.4 or ~> 1.0", [hex: :telemetry, repo: "hexpm", optional: false]}], "hexpm", "149a01b0f4b76d76a6dd9b02ef9b3c8ca62da53fea8f4fcda06ad3cd3cc5c4e"},
  "plug_crypto": {:hex, :plug_crypto, "1.2.3", "8f77d13aeb32bfd9e654cb68f0af492f64b8a907dc6a82e9a9b7aa05ea4e7a18", [:mix], [], "hexpm", "8f77d13aeb32bfd9e654cb68f0af492f64b8a907dc6a82e9a9b7aa05ea4e7a18"},
  "ssl_verify_fun": {:hex, :ssl_verify_fun, "1.1.6", "cf344f5692c82d2cd7554f5ec8fd961548d4fd09e7d22f5b62482e5aeaebd4b0", [:make, :mix, :rebar3], [], "hexpm", "bdb0d2471f453c88ff3908e7686f86f9be327d065cc1ec16f4a4b2613f47c81a"},
  "telemetry": {:hex, :telemetry, "1.2.1", "68fdfe8d8f05a8428483a97d7aab2f268aaff24b49e0f599faa091f1d4e7f61c", [:rebar3], [], "hexpm", "68fdfe8d8f05a8428483a97d7aab2f268aaff24b49e0f599faa091f1d4e7f61c"},
  "unicode_util_compat": {:hex, :unicode_util_compat, "0.7.0", "bc84380c9ab48177092f43ac89e4dfa2c6d62b40b8bd132b1059ecc7232f9a78", [:rebar3], [], "hexpm", "25eee6d67df61960cf6a794239566599b09e17e668d3700247bc498638152521"},
}
