{
    "_readme": [
        "This file is @generated automatically"
    ],
    "content-hash": "d8f2a374b91e5c6f3a08dc74b2e19d5c",
    "packages": [
        {
            "name": "guzzlehttp/guzzle",
            "version": "7.4.0",
            "source": {
                "type": "git",
                "url": "https://github.com/guzzle/guzzle.git",
                "reference": "70b1fa5d5dd5c3f9435c4b46e7765b7a0b7e40a7"
            },
            "dist": {
                "type": "zip",
                "url": "https://api.github.com/repos/guzzle/guzzle/zipball/70b1fa5d5dd5c3f9435c4b46e7765b7a0b7e40a7",
                "reference": "70b1fa5d5dd5c3f9435c4b46e7765b7a0b7e40a7",
                "shasum": ""
            },
            "require": {
                "php": "^7.2.5 || ^8.0",
                "guzzlehttp/promises": "^1.5",
                "guzzlehttp/psr7": "^1.9 || ^2.4",
                "psr/http-client": "^1.0",
                "symfony/deprecation-contracts": "^2.2 || ^3.0"
            },
            "type": "library",
            "license": ["MIT"],
            "description": "Guzzle is a PHP HTTP client library"
        },
        {
            "name": "guzzlehttp/promises",
            "version": "1.5.2",
            "source": {
                "type": "git",
                "url": "https://github.com/guzzle/promises.git",
                "reference": "b94b2807d85443f9719887892882d0329d1e2598"
            },
            "dist": {
                "type": "zip",
                "url": "https://api.github.com/repos/guzzle/promises/zipball/b94b2807d85443f9719887892882d0329d1e2598",
                "reference": "b94b2807d85443f9719887892882d0329d1e2598",
                "shasum": ""
            },
            "require": {"php": ">=5.5"},
            "type": "library",
            "license": ["MIT"],
            "description": "Guzzle promises library"
        },
        {
            "name": "guzzlehttp/psr7",
            "version": "2.4.1",
            "source": {
                "type": "git",
                "url": "https://github.com/guzzle/psr7.git",
                "reference": "69568579fc8ca96b6b44a9eb77d081f4a745568a"
            },
            "dist": {
                "type": "zip",
                "url": "https://api.github.com/repos/guzzle/psr7/zipball/69568579fc8ca96b6b44a9eb77d081f4a745568a",
                "reference": "69568579fc8ca96b6b44a9eb77d081f4a745568a",
                "shasum": ""
            },
            "require": {"php": "^7.2.5 || ^8.0"},
            "type": "library",
            "license": ["MIT"],
            "description": "PSR-7 message implementation"
        },
        {
            "name": "psr/http-client",
            "version": "1.0.2",
            "source": {
                "type": "git",
                "url": "https://github.com/php-fig/http-client.git",
                "reference": "0955afe187479ead48df1064d5079dbf9c4e6ee5"
            },
            "dist": {
                "type": "zip",
                "url": "https://api.github.com/repos/php-fig/http-client/zipball/0955afe187479ead48df1064d5079dbf9c4e6ee5",
                "reference": "0955afe187479ead48df1064d5079dbf9c4e6ee5",
                "shasum": ""
            },
            "require": {"php": "^7.0 || ^8.0"},
            "type": "library",
            "license": ["MIT"],
            "description": "Common interface for HTTP clients"
        },
        {
            "name": "psr/http-message",
            "version": "1.1",
            "source": {
                "type": "git",
                "url": "https://github.com/php-fig/http-message.git",
                "reference": "cb6ce4a49b6d901b905f50b012ac3d260e6a85ee"
            },
            "dist": {
                "type": "zip",
                "url": "https://api.github.com/repos/php-fig/http-message/zipball/cb6ce4a49b6d901b905f50b012ac3d260e6a85ee",
                "reference": "cb6ce4a49b6d901b905f50b012ac3d260e6a85ee",
                "shasum": ""
            },
            "require": {"php": ">=7.0"},
            "type": "library",
            "license": ["MIT"],
            "description": "Common interface for HTTP messages"
        },
        {
            "name": "symfony/deprecation-contracts",
            "version": "v2.5.2",
            "source": {
                "type": "git",
                "url": "https://github.com/symfony/deprecation-contracts.git",
                "reference": "e8b495ea28c1d97b5e0c121748d6f9b1d7f1f5f7"
            },
            "dist": {
                "type": "zip",
                "url": "https://api.github.com/repos/symfony/deprecation-contracts/zipball/e8b495ea28c1d97b5e0c121748d6f9b1d7f1f5f7",
                "reference": "e8b495ea28c1d97b5e0c121748d6f9b1d7f1f5f7",
                "shasum": ""
            },
            "require": {"php": ">=7.1"},
            "type": "library",
            "license": ["MIT"],
            "description": "A generic function to trigger deprecation notices"
        },
        {
            "name": "symfony/http-foundation",
            "version": "v5.4.0",
            "source": {
                "type": "git",
                "url": "https://github.com/symfony/http-foundation.git",
                "reference": "4f5e7a1ccf1e14e7c18efd99bb4b81af8ef60b71"
            },
            "dist": {
                "type": "zip",
                "url": "https://api.github.com/repos/symfony/http-foundation/zipball/4f5e7a1ccf1e14e7c18efd99bb4b81af8ef60b71",
                "reference": "4f5e7a1ccf1e14e7c18efd99bb4b81af8ef60b71",
                "shasum": ""
            },
            "require": {"php": ">=7.2.5"},
            "type": "library",
            "license": ["MIT"],
            "description": "Defines an object-oriented layer for the HTTP specification"
        },
        {
            "name": "symfony/http-kernel",
            "version": "v5.4.0",
            "source": {
                "type": "git",
                "url": "https://github.com/symfony/http-kernel.git",
                "reference": "e84b5a12dace2e279e9e75f0f7a8d25c3dd75e88"
            },
            "dist": {
                "type": "zip",
                "url": "https://api.github.com/repos/symfony/http-kernel/zipball/e84b5a12dace2e279e9e75f0f7a8d25c3dd75e88",
                "reference": "e84b5a12dace2e279e9e75f0f7a8d25c3dd75e88",
                "shasum": ""
            },
            "require": {
                "php": ">=7.2.5",
                "symfony/http-foundation": "^5.3"
            },
            "type": "library",
            "license": ["MIT"],
            "description": "Provides a structured process for converting a Request into a Response"
        },
        {
            "name": "symfony/security-http",
            "version": "v5.4.0",
            "source": {
                "type": "git",
                "url": "https://github.com/symfony/security-http.git",
                "reference": "a7fc9d61fa3ad6b8d6453fb64f3cc3a0e5ea6c4e"
            },
            "dist": {
                "type": "zip",
                "url": "https://api.github.com/repos/symfony/security-http/zipball/a7fc9d61fa3ad6b8d6453fb64f3cc3a0e5ea6c4e",
                "reference": "a7fc9d61fa3ad6b8d6453fb64f3cc3a0e5ea6c4e",
                "shasum": ""
            },
            "require": {"php": ">=7.2.5"},
            "type": "library",
            "license": ["MIT"],
            "description": "Symfony Security Component - HTTP Integration"
        }
    ],
    "packages-dev": [],
    "aliases": [],
    "minimum-stability": "stable",
    "stability-flags": {},
    "prefer-stable": false,
    "prefer-lowest": false,
    "platform": {},
    "platform-dev": {},
    "plugin-api-version": "2.3.0"
}
